
Microsoft Visual Studio Solution File, Format Version 12.00
# Visual Studio Version 17
VisualStudioVersion = 17.3.32811.315
MinimumVisualStudioVersion = 10.0.40219.1
Project("{FAE04EC0-301F-11D3-BF4B-00C04F79EFBC}") = "XO_Tester", "XO_Tester\XO_Tester.csproj", "{7F0004BA-6D71-4C3B-AA5A-7AEC61DE7E8A}"
EndProject
Project("{FAE04EC0-301F-11D3-BF4B-00C04F79EFBC}") = "XO_Core", "XO_Core\XO_Core.csproj", "{83D55FDC-3331-4999-8E12-2E337B494EAA}"
EndProject
Project("{FAE04EC0-301F-11D3-BF4B-00C04F79EFBC}") = "XO_Variant_XOnline12", "XO_Variant_XOnline12\XO_Variant_XOnline12.csproj", "{EC2F7BCA-BEF4-4B63-BAC2-9C332283C6FF}"
EndProject
Project("{FAE04EC0-301F-11D3-BF4B-00C04F79EFBC}") = "XO_Tester_API", "XO_Tester_API\XO_Tester_API.csproj", "{139CFEB1-ACD0-4B07-845A-7B8993A33424}"
EndProject
Global
	GlobalSection(SolutionConfigurationPlatforms) = preSolution
		Debug|Any CPU = Debug|Any CPU
		Release|Any CPU = Release|Any CPU
	EndGlobalSection
	GlobalSection(ProjectConfigurationPlatforms) = postSolution
		{7F0004BA-6D71-4C3B-AA5A-7AEC61DE7E8A}.Debug|Any CPU.ActiveCfg = Debug|Any CPU
		{7F0004BA-6D71-4C3B-AA5A-7AEC61DE7E8A}.Debug|Any CPU.Build.0 = Debug|Any CPU
		{7F0004BA-6D71-4C3B-AA5A-7AEC61DE7E8A}.Release|Any CPU.ActiveCfg = Release|Any CPU
		{7F0004BA-6D71-4C3B-AA5A-7AEC61DE7E8A}.Release|Any CPU.Build.0 = Release|Any CPU
		{83D55FDC-3331-4999-8E12-2E337B494EAA}.Debug|Any CPU.ActiveCfg = Debug|Any CPU
		{83D55FDC-3331-4999-8E12-2E337B494EAA}.Debug|Any CPU.Build.0 = Debug|Any CPU
		{83D55FDC-3331-4999-8E12-2E337B494EAA}.Release|Any CPU.ActiveCfg = Release|Any CPU
		{83D55FDC-3331-4999-8E12-2E337B494EAA}.Release|Any CPU.Build.0 = Release|Any CPU
		{EC2F7BCA-BEF4-4B63-BAC2-9C332283C6FF}.Debug|Any CPU.ActiveCfg = Debug|Any CPU
		{EC2F7BCA-BEF4-4B63-BAC2-9C332283C6FF}.Debug|Any CPU.Build.0 = Debug|Any CPU
		{EC2F7BCA-BEF4-4B63-BAC2-9C332283C6FF}.Release|Any CPU.ActiveCfg = Release|Any CPU
		{EC2F7BCA-BEF4-4B63-BAC2-9C332283C6FF}.Release|Any CPU.Build.0 = Release|Any CPU
		{139CFEB1-ACD0-4B07-845A-7B8993A33424}.Debug|Any CPU.ActiveCfg = Debug|Any CPU
		{139CFEB1-ACD0-4B07-845A-7B8993A33424}.Debug|Any CPU.Build.0 = Debug|Any CPU
		{139CFEB1-ACD0-4B07-845A-7B8993A33424}.Release|Any CPU.ActiveCfg = Release|Any CPU
		{139CFEB1-ACD0-4B07-845A-7B8993A33424}.Release|Any CPU.Build.0 = Release|Any CPU
	EndGlobalSection
	GlobalSection(SolutionProperties) = preSolution
		HideSolutionNode = FALSE
	EndGlobalSection
	GlobalSection(ExtensibilityGlobals) = postSolution
		SolutionGuid = {DDB3BD2F-A424-41B2-A279-1BB01F4DC525}
	EndGlobalSection
EndGlobal
